
Microsoft Visual Studio Solution File, Format Version 12.00
# Visual Studio Version 17
VisualStudioVersion = 17.9.34622.214
MinimumVisualStudioVersion = 10.0.40219.1
Project("{9A19103F-16F7-4668-BE54-9A1E7A4F7556}") = "FERD", "FERD\FERD.csproj", "{99569BE5-FC83-437A-9741-1F89C412ABAD}"
EndProject
Global
	GlobalSection(SolutionConfigurationPlatforms) = preSolution
		Debug|Any CPU = Debug|Any CPU
		Release|Any CPU = Release|Any CPU
	EndGlobalSection
	GlobalSection(ProjectConfigurationPlatforms) = postSolution
		{99569BE5-FC83-437A-9741-1F89C412ABAD}.Debug|Any CPU.ActiveCfg = Debug|Any CPU
		{99569BE5-FC83-437A-9741-1F89C412ABAD}.Debug|Any CPU.Build.0 = Debug|Any CPU
		{99569BE5-FC83-437A-9741-1F89C412ABAD}.Release|Any CPU.ActiveCfg = Release|Any CPU
		{99569BE5-FC83-437A-9741-1F89C412ABAD}.Release|Any CPU.Build.0 = Release|Any CPU
	EndGlobalSection
	GlobalSection(SolutionProperties) = preSolution
		HideSolutionNode = FALSE
	EndGlobalSection
	GlobalSection(ExtensibilityGlobals) = postSolution
		SolutionGuid = {DAFB9F62-5537-45B2-B5F5-1EB5F54918ED}
	EndGlobalSection
EndGlobal
